
Microsoft Visual Studio Solution File, Format Version 12.00
# Visual Studio Version 16
VisualStudioVersion = 16.0.30907.101
MinimumVisualStudioVersion = 10.0.40219.1
Project("{FAE04EC0-301F-11D3-BF4B-00C04F79EFBC}") = "InternetPLS", "InternetPLS\InternetPLS.csproj", "{518EC308-5FE1-4E97-89CC-FF174B1404ED}"
EndProject
Global
	GlobalSection(SolutionConfigurationPlatforms) = preSolution
		Debug|Any CPU = Debug|Any CPU
		Release|Any CPU = Release|Any CPU
	EndGlobalSection
	GlobalSection(ProjectConfigurationPlatforms) = postSolution
		{518EC308-5FE1-4E97-89CC-FF174B1404ED}.Debug|Any CPU.ActiveCfg = Debug|Any CPU
		{518EC308-5FE1-4E97-89CC-FF174B1404ED}.Debug|Any CPU.Build.0 = Debug|Any CPU
		{518EC308-5FE1-4E97-89CC-FF174B1404ED}.Release|Any CPU.ActiveCfg = Release|Any CPU
		{518EC308-5FE1-4E97-89CC-FF174B1404ED}.Release|Any CPU.Build.0 = Release|Any CPU
	EndGlobalSection
	GlobalSection(SolutionProperties) = preSolution
		HideSolutionNode = FALSE
	EndGlobalSection
	GlobalSection(ExtensibilityGlobals) = postSolution
		SolutionGuid = {2EEAC953-A47D-4FA2-8C65-1AD53000A281}
	EndGlobalSection
EndGlobal
