
Microsoft Visual Studio Solution File, Format Version 12.00
# Visual Studio Version 17
VisualStudioVersion = 17.0.31919.166
MinimumVisualStudioVersion = 10.0.40219.1
Project("{9A19103F-16F7-4668-BE54-9A1E7A4F7556}") = "InternetPLS", "InternetPLS\InternetPLS.csproj", "{518EC308-5FE1-4E97-89CC-FF174B1404ED}"
EndProject
Global
	GlobalSection(SolutionConfigurationPlatforms) = preSolution
		Debug|Any CPU = Debug|Any CPU
		Release|Any CPU = Release|Any CPU
	EndGlobalSection
	GlobalSection(ProjectConfigurationPlatforms) = postSolution
		{518EC308-5FE1-4E97-89CC-FF174B1404ED}.Debug|Any CPU.ActiveCfg = Debug|Any CPU
		{518EC308-5FE1-4E97-89CC-FF174B1404ED}.Debug|Any CPU.Build.0 = Debug|Any CPU
		{518EC308-5FE1-4E97-89CC-FF174B1404ED}.Release|Any CPU.ActiveCfg = Release|Any CPU
		{518EC308-5FE1-4E97-89CC-FF174B1404ED}.Release|Any CPU.Build.0 = Release|Any CPU
	EndGlobalSection
	GlobalSection(SolutionProperties) = preSolution
		HideSolutionNode = FALSE
	EndGlobalSection
	GlobalSection(ExtensibilityGlobals) = postSolution
		SolutionGuid = {2EEAC953-A47D-4FA2-8C65-1AD53000A281}
	EndGlobalSection
EndGlobal
